// !$*UTF8*$!
{
	archiveVersion = 1;
	classes = {
	};
	objectVersion = 50;
	objects = {

/* Begin PBXBuildFile section */
		9EADD1C229D97996BB2AD5E5 /* libPods-GHTestDemo.a in Frameworks */ = {isa = PBXBuildFile; fileRef = 39F25BB96DB92AC7256C064B /* libPods-GHTestDemo.a */; };
		D6DE758C21FBE97600D0D022 /* AppDelegate.m in Sources */ = {isa = PBXBuildFile; fileRef = D6DE758B21FBE97600D0D022 /* AppDelegate.m */; };
		D6DE758F21FBE97600D0D022 /* ViewController.m in Sources */ = {isa = PBXBuildFile; fileRef = D6DE758E21FBE97600D0D022 /* ViewController.m */; };
		D6DE759221FBE97600D0D022 /* Main.storyboard in Resources */ = {isa = PBXBuildFile; fileRef = D6DE759021FBE97600D0D022 /* Main.storyboard */; };
		D6DE759421FBE97800D0D022 /* Assets.xcassets in Resources */ = {isa = PBXBuildFile; fileRef = D6DE759321FBE97800D0D022 /* Assets.xcassets */; };
		D6DE759721FBE97800D0D022 /* LaunchScreen.storyboard in Resources */ = {isa = PBXBuildFile; fileRef = D6DE759521FBE97800D0D022 /* LaunchScreen.storyboard */; };
		D6DE759A21FBE97800D0D022 /* main.m in Sources */ = {isa = PBXBuildFile; fileRef = D6DE759921FBE97800D0D022 /* main.m */; };
		D6DE75D421FBEF5E00D0D022 /* AppDelegate.m in Sources */ = {isa = PBXBuildFile; fileRef = D6DE75D321FBEF5E00D0D022 /* AppDelegate.m */; };
		D6DE75D721FBEF5E00D0D022 /* ViewController.m in Sources */ = {isa = PBXBuildFile; fileRef = D6DE75D621FBEF5E00D0D022 /* ViewController.m */; };
		D6DE75DA21FBEF5E00D0D022 /* Main.storyboard in Resources */ = {isa = PBXBuildFile; fileRef = D6DE75D821FBEF5E00D0D022 /* Main.storyboard */; };
		D6DE75DC21FBEF5F00D0D022 /* Assets.xcassets in Resources */ = {isa = PBXBuildFile; fileRef = D6DE75DB21FBEF5F00D0D022 /* Assets.xcassets */; };
		D6DE75DF21FBEF5F00D0D022 /* LaunchScreen.storyboard in Resources */ = {isa = PBXBuildFile; fileRef = D6DE75DD21FBEF5F00D0D022 /* LaunchScreen.storyboard */; };
		D6DE75E221FBEF5F00D0D022 /* main.m in Sources */ = {isa = PBXBuildFile; fileRef = D6DE75E121FBEF5F00D0D022 /* main.m */; };
/* End PBXBuildFile section */

/* Begin PBXFileReference section */
		39F25BB96DB92AC7256C064B /* libPods-GHTestDemo.a */ = {isa = PBXFileReference; explicitFileType = archive.ar; includeInIndex = 0; path = "libPods-GHTestDemo.a"; sourceTree = BUILT_PRODUCTS_DIR; };
		C3A6B8D1F7173F3A4143F685 /* Pods-GHTestDemo.release.xcconfig */ = {isa = PBXFileReference; includeInIndex = 1; lastKnownFileType = text.xcconfig; name = "Pods-GHTestDemo.release.xcconfig"; path = "Pods/Target Support Files/Pods-GHTestDemo/Pods-GHTestDemo.release.xcconfig"; sourceTree = "<group>"; };
		CBB20EAE927560FD4309A206 /* Pods-GHTestDemo.debug.xcconfig */ = {isa = PBXFileReference; includeInIndex = 1; lastKnownFileType = text.xcconfig; name = "Pods-GHTestDemo.debug.xcconfig"; path = "Pods/Target Support Files/Pods-GHTestDemo/Pods-GHTestDemo.debug.xcconfig"; sourceTree = "<group>"; };
		D6DE758721FBE97600D0D022 /* GHTestDemo.app */ = {isa = PBXFileReference; explicitFileType = wrapper.application; includeInIndex = 0; path = GHTestDemo.app; sourceTree = BUILT_PRODUCTS_DIR; };
		D6DE758A21FBE97600D0D022 /* AppDelegate.h */ = {isa = PBXFileReference; lastKnownFileType = sourcecode.c.h; path = AppDelegate.h; sourceTree = "<group>"; };
		D6DE758B21FBE97600D0D022 /* AppDelegate.m */ = {isa = PBXFileReference; lastKnownFileType = sourcecode.c.objc; path = AppDelegate.m; sourceTree = "<group>"; };
		D6DE758D21FBE97600D0D022 /* ViewController.h */ = {isa = PBXFileReference; lastKnownFileType = sourcecode.c.h; path = ViewController.h; sourceTree = "<group>"; };
		D6DE758E21FBE97600D0D022 /* ViewController.m */ = {isa = PBXFileReference; lastKnownFileType = sourcecode.c.objc; path = ViewController.m; sourceTree = "<group>"; };
		D6DE759121FBE97600D0D022 /* Base */ = {isa = PBXFileReference; lastKnownFileType = file.storyboard; name = Base; path = Base.lproj/Main.storyboard; sourceTree = "<group>"; };
		D6DE759321FBE97800D0D022 /* Assets.xcassets */ = {isa = PBXFileReference; lastKnownFileType = folder.assetcatalog; path = Assets.xcassets; sourceTree = "<group>"; };
		D6DE759621FBE97800D0D022 /* Base */ = {isa = PBXFileReference; lastKnownFileType = file.storyboard; name = Base; path = Base.lproj/LaunchScreen.storyboard; sourceTree = "<group>"; };
		D6DE759821FBE97800D0D022 /* Info.plist */ = {isa = PBXFileReference; lastKnownFileType = text.plist.xml; path = Info.plist; sourceTree = "<group>"; };
		D6DE759921FBE97800D0D022 /* main.m */ = {isa = PBXFileReference; lastKnownFileType = sourcecode.c.objc; path = main.m; sourceTree = "<group>"; };
		D6DE75D021FBEF5E00D0D022 /* GHMasonryDemo.app */ = {isa = PBXFileReference; explicitFileType = wrapper.application; includeInIndex = 0; path = GHMasonryDemo.app; sourceTree = BUILT_PRODUCTS_DIR; };
		D6DE75D221FBEF5E00D0D022 /* AppDelegate.h */ = {isa = PBXFileReference; lastKnownFileType = sourcecode.c.h; path = AppDelegate.h; sourceTree = "<group>"; };
		D6DE75D321FBEF5E00D0D022 /* AppDelegate.m */ = {isa = PBXFileReference; lastKnownFileType = sourcecode.c.objc; path = AppDelegate.m; sourceTree = "<group>"; };
		D6DE75D521FBEF5E00D0D022 /* ViewController.h */ = {isa = PBXFileReference; lastKnownFileType = sourcecode.c.h; path = ViewController.h; sourceTree = "<group>"; };
		D6DE75D621FBEF5E00D0D022 /* ViewController.m */ = {isa = PBXFileReference; lastKnownFileType = sourcecode.c.objc; path = ViewController.m; sourceTree = "<group>"; };
		D6DE75D921FBEF5E00D0D022 /* Base */ = {isa = PBXFileReference; lastKnownFileType = file.storyboard; name = Base; path = Base.lproj/Main.storyboard; sourceTree = "<group>"; };
		D6DE75DB21FBEF5F00D0D022 /* Assets.xcassets */ = {isa = PBXFileReference; lastKnownFileType = folder.assetcatalog; path = Assets.xcassets; sourceTree = "<group>"; };
		D6DE75DE21FBEF5F00D0D022 /* Base */ = {isa = PBXFileReference; lastKnownFileType = file.storyboard; name = Base; path = Base.lproj/LaunchScreen.storyboard; sourceTree = "<group>"; };
		D6DE75E021FBEF5F00D0D022 /* Info.plist */ = {isa = PBXFileReference; lastKnownFileType = text.plist.xml; path = Info.plist; sourceTree = "<group>"; };
		D6DE75E121FBEF5F00D0D022 /* main.m */ = {isa = PBXFileReference; lastKnownFileType = sourcecode.c.objc; path = main.m; sourceTree = "<group>"; };
/* End PBXFileReference section */

/* Begin PBXFrameworksBuildPhase section */
		D6DE758421FBE97600D0D022 /* Frameworks */ = {
			isa = PBXFrameworksBuildPhase;
			buildActionMask = 2147483647;
			files = (
				9EADD1C229D97996BB2AD5E5 /* libPods-GHTestDemo.a in Frameworks */,
			);
			runOnlyForDeploymentPostprocessing = 0;
		};
		D6DE75CD21FBEF5E00D0D022 /* Frameworks */ = {
			isa = PBXFrameworksBuildPhase;
			buildActionMask = 2147483647;
			files = (
			);
			runOnlyForDeploymentPostprocessing = 0;
		};
/* End PBXFrameworksBuildPhase section */

/* Begin PBXGroup section */
		1D1CF2FF7F8A3F9D049ECA9E /* Pods */ = {
			isa = PBXGroup;
			children = (
				CBB20EAE927560FD4309A206 /* Pods-GHTestDemo.debug.xcconfig */,
				C3A6B8D1F7173F3A4143F685 /* Pods-GHTestDemo.release.xcconfig */,
			);
			name = Pods;
			sourceTree = "<group>";
		};
		C8FB006731FE65C5C41E0F4A /* Frameworks */ = {
			isa = PBXGroup;
			children = (
				39F25BB96DB92AC7256C064B /* libPods-GHTestDemo.a */,
			);
			name = Frameworks;
			sourceTree = "<group>";
		};
		D6DE757E21FBE97600D0D022 = {
			isa = PBXGroup;
			children = (
				D6DE758921FBE97600D0D022 /* GHTestDemo */,
				D6DE75D121FBEF5E00D0D022 /* GHMasonryDemo */,
				D6DE758821FBE97600D0D022 /* Products */,
				1D1CF2FF7F8A3F9D049ECA9E /* Pods */,
				C8FB006731FE65C5C41E0F4A /* Frameworks */,
			);
			sourceTree = "<group>";
		};
		D6DE758821FBE97600D0D022 /* Products */ = {
			isa = PBXGroup;
			children = (
				D6DE758721FBE97600D0D022 /* GHTestDemo.app */,
				D6DE75D021FBEF5E00D0D022 /* GHMasonryDemo.app */,
			);
			name = Products;
			sourceTree = "<group>";
		};
		D6DE758921FBE97600D0D022 /* GHTestDemo */ = {
			isa = PBXGroup;
			children = (
				D6DE758A21FBE97600D0D022 /* AppDelegate.h */,
				D6DE758B21FBE97600D0D022 /* AppDelegate.m */,
				D6DE758D21FBE97600D0D022 /* ViewController.h */,
				D6DE758E21FBE97600D0D022 /* ViewController.m */,
				D6DE759021FBE97600D0D022 /* Main.storyboard */,
				D6DE759321FBE97800D0D022 /* Assets.xcassets */,
				D6DE759521FBE97800D0D022 /* LaunchScreen.storyboard */,
				D6DE759821FBE97800D0D022 /* Info.plist */,
				D6DE759921FBE97800D0D022 /* main.m */,
			);
			path = GHTestDemo;
			sourceTree = "<group>";
		};
		D6DE75D121FBEF5E00D0D022 /* GHMasonryDemo */ = {
			isa = PBXGroup;
			children = (
				D6DE75D221FBEF5E00D0D022 /* AppDelegate.h */,
				D6DE75D321FBEF5E00D0D022 /* AppDelegate.m */,
				D6DE75D521FBEF5E00D0D022 /* ViewController.h */,
				D6DE75D621FBEF5E00D0D022 /* ViewController.m */,
				D6DE75D821FBEF5E00D0D022 /* Main.storyboard */,
				D6DE75DB21FBEF5F00D0D022 /* Assets.xcassets */,
				D6DE75DD21FBEF5F00D0D022 /* LaunchScreen.storyboard */,
				D6DE75E021FBEF5F00D0D022 /* Info.plist */,
				D6DE75E121FBEF5F00D0D022 /* main.m */,
			);
			path = GHMasonryDemo;
			sourceTree = "<group>";
		};
/* End PBXGroup section */

/* Begin PBXNativeTarget section */
		D6DE758621FBE97600D0D022 /* GHTestDemo */ = {
			isa = PBXNativeTarget;
			buildConfigurationList = D6DE759D21FBE97800D0D022 /* Build configuration list for PBXNativeTarget "GHTestDemo" */;
			buildPhases = (
				D5E82C2206DC82A42D05B9D0 /* [CP] Check Pods Manifest.lock */,
				D6DE758321FBE97600D0D022 /* Sources */,
				D6DE758421FBE97600D0D022 /* Frameworks */,
				D6DE758521FBE97600D0D022 /* Resources */,
				E7F1CBF04AE022412750B3FC /* [CP] Copy Pods Resources */,
			);
			buildRules = (
			);
			dependencies = (
			);
			name = GHTestDemo;
			productName = GHTestDemo;
			productReference = D6DE758721FBE97600D0D022 /* GHTestDemo.app */;
			productType = "com.apple.product-type.application";
		};
		D6DE75CF21FBEF5E00D0D022 /* GHMasonryDemo */ = {
			isa = PBXNativeTarget;
			buildConfigurationList = D6DE75E321FBEF5F00D0D022 /* Build configuration list for PBXNativeTarget "GHMasonryDemo" */;
			buildPhases = (
				D6DE75CC21FBEF5E00D0D022 /* Sources */,
				D6DE75CD21FBEF5E00D0D022 /* Frameworks */,
				D6DE75CE21FBEF5E00D0D022 /* Resources */,
			);
			buildRules = (
			);
			dependencies = (
			);
			name = GHMasonryDemo;
			productName = GHMasonryDemo;
			productReference = D6DE75D021FBEF5E00D0D022 /* GHMasonryDemo.app */;
			productType = "com.apple.product-type.application";
		};
/* End PBXNativeTarget section */

/* Begin PBXProject section */
		D6DE757F21FBE97600D0D022 /* Project object */ = {
			isa = PBXProject;
			attributes = {
				LastUpgradeCheck = 1010;
				ORGANIZATIONNAME = GHome;
				TargetAttributes = {
					D6DE758621FBE97600D0D022 = {
						CreatedOnToolsVersion = 10.1;
					};
					D6DE75CF21FBEF5E00D0D022 = {
						CreatedOnToolsVersion = 10.1;
					};
				};
			};
			buildConfigurationList = D6DE758221FBE97600D0D022 /* Build configuration list for PBXProject "GHTestDemo" */;
			compatibilityVersion = "Xcode 9.3";
			developmentRegion = en;
			hasScannedForEncodings = 0;
			knownRegions = (
				en,
				Base,
			);
			mainGroup = D6DE757E21FBE97600D0D022;
			productRefGroup = D6DE758821FBE97600D0D022 /* Products */;
			projectDirPath = "";
			projectRoot = "";
			targets = (
				D6DE758621FBE97600D0D022 /* GHTestDemo */,
				D6DE75CF21FBEF5E00D0D022 /* GHMasonryDemo */,
			);
		};
/* End PBXProject section */

/* Begin PBXResourcesBuildPhase section */
		D6DE758521FBE97600D0D022 /* Resources */ = {
			isa = PBXResourcesBuildPhase;
			buildActionMask = 2147483647;
			files = (
				D6DE759721FBE97800D0D022 /* LaunchScreen.storyboard in Resources */,
				D6DE759421FBE97800D0D022 /* Assets.xcassets in Resources */,
				D6DE759221FBE97600D0D022 /* Main.storyboard in Resources */,
			);
			runOnlyForDeploymentPostprocessing = 0;
		};
		D6DE75CE21FBEF5E00D0D022 /* Resources */ = {
			isa = PBXResourcesBuildPhase;
			buildActionMask = 2147483647;
			files = (
				D6DE75DF21FBEF5F00D0D022 /* LaunchScreen.storyboard in Resources */,
				D6DE75DC21FBEF5F00D0D022 /* Assets.xcassets in Resources */,
				D6DE75DA21FBEF5E00D0D022 /* Main.storyboard in Resources */,
			);
			runOnlyForDeploymentPostprocessing = 0;
		};
/* End PBXResourcesBuildPhase section */

/* Begin PBXShellScriptBuildPhase section */
		D5E82C2206DC82A42D05B9D0 /* [CP] Check Pods Manifest.lock */ = {
			isa = PBXShellScriptBuildPhase;
			buildActionMask = 2147483647;
			files = (
			);
			inputFileListPaths = (
			);
			inputPaths = (
				"${PODS_PODFILE_DIR_PATH}/Podfile.lock",
				"${PODS_ROOT}/Manifest.lock",
			);
			name = "[CP] Check Pods Manifest.lock";
			outputFileListPaths = (
			);
			outputPaths = (
				"$(DERIVED_FILE_DIR)/Pods-GHTestDemo-checkManifestLockResult.txt",
			);
			runOnlyForDeploymentPostprocessing = 0;
			shellPath = /bin/sh;
			shellScript = "diff \"${PODS_PODFILE_DIR_PATH}/Podfile.lock\" \"${PODS_ROOT}/Manifest.lock\" > /dev/null\nif [ $? != 0 ] ; then\n    # print error to STDERR\n    echo \"error: The sandbox is not in sync with the Podfile.lock. Run 'pod install' or update your CocoaPods installation.\" >&2\n    exit 1\nfi\n# This output is used by Xcode 'outputs' to avoid re-running this script phase.\necho \"SUCCESS\" > \"${SCRIPT_OUTPUT_FILE_0}\"\n";
			showEnvVarsInLog = 0;
		};
		E7F1CBF04AE022412750B3FC /* [CP] Copy Pods Resources */ = {
			isa = PBXShellScriptBuildPhase;
			buildActionMask = 2147483647;
			files = (
			);
			inputFileListPaths = (
			);
			inputPaths = (
				"${SRCROOT}/Pods/Target Support Files/Pods-GHTestDemo/Pods-GHTestDemo-resources.sh",
				"${PODS_ROOT}/IQKeyboardManager/IQKeyboardManager/Resources/IQKeyboardManager.bundle",
				"${PODS_ROOT}/MJRefresh/MJRefresh/MJRefresh.bundle",
				"${PODS_ROOT}/SVProgressHUD/SVProgressHUD/SVProgressHUD.bundle",
			);
			name = "[CP] Copy Pods Resources";
			outputFileListPaths = (
			);
			outputPaths = (
				"${TARGET_BUILD_DIR}/${UNLOCALIZED_RESOURCES_FOLDER_PATH}/IQKeyboardManager.bundle",
				"${TARGET_BUILD_DIR}/${UNLOCALIZED_RESOURCES_FOLDER_PATH}/MJRefresh.bundle",
				"${TARGET_BUILD_DIR}/${UNLOCALIZED_RESOURCES_FOLDER_PATH}/SVProgressHUD.bundle",
			);
			runOnlyForDeploymentPostprocessing = 0;
			shellPath = /bin/sh;
			shellScript = "\"${SRCROOT}/Pods/Target Support Files/Pods-GHTestDemo/Pods-GHTestDemo-resources.sh\"\n";
			showEnvVarsInLog = 0;
		};
/* End PBXShellScriptBuildPhase section */

/* Begin PBXSourcesBuildPhase section */
		D6DE758321FBE97600D0D022 /* Sources */ = {
			isa = PBXSourcesBuildPhase;
			buildActionMask = 2147483647;
			files = (
				D6DE758F21FBE97600D0D022 /* ViewController.m in Sources */,
				D6DE759A21FBE97800D0D022 /* main.m in Sources */,
				D6DE758C21FBE97600D0D022 /* AppDelegate.m in Sources */,
			);
			runOnlyForDeploymentPostprocessing = 0;
		};
		D6DE75CC21FBEF5E00D0D022 /* Sources */ = {
			isa = PBXSourcesBuildPhase;
			buildActionMask = 2147483647;
			files = (
				D6DE75D721FBEF5E00D0D022 /* ViewController.m in Sources */,
				D6DE75E221FBEF5F00D0D022 /* main.m in Sources */,
				D6DE75D421FBEF5E00D0D022 /* AppDelegate.m in Sources */,
			);
			runOnlyForDeploymentPostprocessing = 0;
		};
/* End PBXSourcesBuildPhase section */

/* Begin PBXVariantGroup section */
		D6DE759021FBE97600D0D022 /* Main.storyboard */ = {
			isa = PBXVariantGroup;
			children = (
				D6DE759121FBE97600D0D022 /* Base */,
			);
			name = Main.storyboard;
			sourceTree = "<group>";
		};
		D6DE759521FBE97800D0D022 /* LaunchScreen.storyboard */ = {
			isa = PBXVariantGroup;
			children = (
				D6DE759621FBE97800D0D022 /* Base */,
			);
			name = LaunchScreen.storyboard;
			sourceTree = "<group>";
		};
		D6DE75D821FBEF5E00D0D022 /* Main.storyboard */ = {
			isa = PBXVariantGroup;
			children = (
				D6DE75D921FBEF5E00D0D022 /* Base */,
			);
			name = Main.storyboard;
			sourceTree = "<group>";
		};
		D6DE75DD21FBEF5F00D0D022 /* LaunchScreen.storyboard */ = {
			isa = PBXVariantGroup;
			children = (
				D6DE75DE21FBEF5F00D0D022 /* Base */,
			);
			name = LaunchScreen.storyboard;
			sourceTree = "<group>";
		};
/* End PBXVariantGroup section */

/* Begin XCBuildConfiguration section */
		D6DE759B21FBE97800D0D022 /* Debug */ = {
			isa = XCBuildConfiguration;
			buildSettings = {
				ALWAYS_SEARCH_USER_PATHS = NO;
				CLANG_ANALYZER_NONNULL = YES;
				CLANG_ANALYZER_NUMBER_OBJECT_CONVERSION = YES_AGGRESSIVE;
				CLANG_CXX_LANGUAGE_STANDARD = "gnu++14";
				CLANG_CXX_LIBRARY = "libc++";
				CLANG_ENABLE_MODULES = YES;
				CLANG_ENABLE_OBJC_ARC = YES;
				CLANG_ENABLE_OBJC_WEAK = YES;
				CLANG_WARN_BLOCK_CAPTURE_AUTORELEASING = YES;
				CLANG_WARN_BOOL_CONVERSION = YES;
				CLANG_WARN_COMMA = YES;
				CLANG_WARN_CONSTANT_CONVERSION = YES;
				CLANG_WARN_DEPRECATED_OBJC_IMPLEMENTATIONS = YES;
				CLANG_WARN_DIRECT_OBJC_ISA_USAGE = YES_ERROR;
				CLANG_WARN_DOCUMENTATION_COMMENTS = YES;
				CLANG_WARN_EMPTY_BODY = YES;
				CLANG_WARN_ENUM_CONVERSION = YES;
				CLANG_WARN_INFINITE_RECURSION = YES;
				CLANG_WARN_INT_CONVERSION = YES;
				CLANG_WARN_NON_LITERAL_NULL_CONVERSION = YES;
				CLANG_WARN_OBJC_IMPLICIT_RETAIN_SELF = YES;
				CLANG_WARN_OBJC_LITERAL_CONVERSION = YES;
				CLANG_WARN_OBJC_ROOT_CLASS = YES_ERROR;
				CLANG_WARN_RANGE_LOOP_ANALYSIS = YES;
				CLANG_WARN_STRICT_PROTOTYPES = YES;
				CLANG_WARN_SUSPICIOUS_MOVE = YES;
				CLANG_WARN_UNGUARDED_AVAILABILITY = YES_AGGRESSIVE;
				CLANG_WARN_UNREACHABLE_CODE = YES;
				CLANG_WARN__DUPLICATE_METHOD_MATCH = YES;
				CODE_SIGN_IDENTITY = "iPhone Developer";
				COPY_PHASE_STRIP = NO;
				DEBUG_INFORMATION_FORMAT = dwarf;
				ENABLE_STRICT_OBJC_MSGSEND = YES;
				ENABLE_TESTABILITY = YES;
				GCC_C_LANGUAGE_STANDARD = gnu11;
				GCC_DYNAMIC_NO_PIC = NO;
				GCC_NO_COMMON_BLOCKS = YES;
				GCC_OPTIMIZATION_LEVEL = 0;
				GCC_PREPROCESSOR_DEFINITIONS = (
					"DEBUG=1",
					"$(inherited)",
				);
				GCC_WARN_64_TO_32_BIT_CONVERSION = YES;
				GCC_WARN_ABOUT_RETURN_TYPE = YES_ERROR;
				GCC_WARN_UNDECLARED_SELECTOR = YES;
				GCC_WARN_UNINITIALIZED_AUTOS = YES_AGGRESSIVE;
				GCC_WARN_UNUSED_FUNCTION = YES;
				GCC_WARN_UNUSED_VARIABLE = YES;
				IPHONEOS_DEPLOYMENT_TARGET = 12.1;
				MTL_ENABLE_DEBUG_INFO = INCLUDE_SOURCE;
				MTL_FAST_MATH = YES;
				ONLY_ACTIVE_ARCH = YES;
				SDKROOT = iphoneos;
			};
			name = Debug;
		};
		D6DE759C21FBE97800D0D022 /* Release */ = {
			isa = XCBuildConfiguration;
			buildSettings = {
				ALWAYS_SEARCH_USER_PATHS = NO;
				CLANG_ANALYZER_NONNULL = YES;
				CLANG_ANALYZER_NUMBER_OBJECT_CONVERSION = YES_AGGRESSIVE;
				CLANG_CXX_LANGUAGE_STANDARD = "gnu++14";
				CLANG_CXX_LIBRARY = "libc++";
				CLANG_ENABLE_MODULES = YES;
				CLANG_ENABLE_OBJC_ARC = YES;
				CLANG_ENABLE_OBJC_WEAK = YES;
				CLANG_WARN_BLOCK_CAPTURE_AUTORELEASING = YES;
				CLANG_WARN_BOOL_CONVERSION = YES;
				CLANG_WARN_COMMA = YES;
				CLANG_WARN_CONSTANT_CONVERSION = YES;
				CLANG_WARN_DEPRECATED_OBJC_IMPLEMENTATIONS = YES;
				CLANG_WARN_DIRECT_OBJC_ISA_USAGE = YES_ERROR;
				CLANG_WARN_DOCUMENTATION_COMMENTS = YES;
				CLANG_WARN_EMPTY_BODY = YES;
				CLANG_WARN_ENUM_CONVERSION = YES;
				CLANG_WARN_INFINITE_RECURSION = YES;
				CLANG_WARN_INT_CONVERSION = YES;
				CLANG_WARN_NON_LITERAL_NULL_CONVERSION = YES;
				CLANG_WARN_OBJC_IMPLICIT_RETAIN_SELF = YES;
				CLANG_WARN_OBJC_LITERAL_CONVERSION = YES;
				CLANG_WARN_OBJC_ROOT_CLASS = YES_ERROR;
				CLANG_WARN_RANGE_LOOP_ANALYSIS = YES;
				CLANG_WARN_STRICT_PROTOTYPES = YES;
				CLANG_WARN_SUSPICIOUS_MOVE = YES;
				CLANG_WARN_UNGUARDED_AVAILABILITY = YES_AGGRESSIVE;
				CLANG_WARN_UNREACHABLE_CODE = YES;
				CLANG_WARN__DUPLICATE_METHOD_MATCH = YES;
				CODE_SIGN_IDENTITY = "iPhone Developer";
				COPY_PHASE_STRIP = NO;
				DEBUG_INFORMATION_FORMAT = "dwarf-with-dsym";
				ENABLE_NS_ASSERTIONS = NO;
				ENABLE_STRICT_OBJC_MSGSEND = YES;
				GCC_C_LANGUAGE_STANDARD = gnu11;
				GCC_NO_COMMON_BLOCKS = YES;
				GCC_WARN_64_TO_32_BIT_CONVERSION = YES;
				GCC_WARN_ABOUT_RETURN_TYPE = YES_ERROR;
				GCC_WARN_UNDECLARED_SELECTOR = YES;
				GCC_WARN_UNINITIALIZED_AUTOS = YES_AGGRESSIVE;
				GCC_WARN_UNUSED_FUNCTION = YES;
				GCC_WARN_UNUSED_VARIABLE = YES;
				IPHONEOS_DEPLOYMENT_TARGET = 12.1;
				MTL_ENABLE_DEBUG_INFO = NO;
				MTL_FAST_MATH = YES;
				SDKROOT = iphoneos;
				VALIDATE_PRODUCT = YES;
			};
			name = Release;
		};
		D6DE759E21FBE97800D0D022 /* Debug */ = {
			isa = XCBuildConfiguration;
			baseConfigurationReference = CBB20EAE927560FD4309A206 /* Pods-GHTestDemo.debug.xcconfig */;
			buildSettings = {
				ASSETCATALOG_COMPILER_APPICON_NAME = AppIcon;
				CODE_SIGN_STYLE = Automatic;
				INFOPLIST_FILE = GHTestDemo/Info.plist;
				LD_RUNPATH_SEARCH_PATHS = (
					"$(inherited)",
					"@executable_path/Frameworks",
				);
				PRODUCT_BUNDLE_IDENTIFIER = GHome.GHTestDemo;
				PRODUCT_NAME = "$(TARGET_NAME)";
				TARGETED_DEVICE_FAMILY = "1,2";
			};
			name = Debug;
		};
		D6DE759F21FBE97800D0D022 /* Release */ = {
			isa = XCBuildConfiguration;
			baseConfigurationReference = C3A6B8D1F7173F3A4143F685 /* Pods-GHTestDemo.release.xcconfig */;
			buildSettings = {
				ASSETCATALOG_COMPILER_APPICON_NAME = AppIcon;
				CODE_SIGN_STYLE = Automatic;
				INFOPLIST_FILE = GHTestDemo/Info.plist;
				LD_RUNPATH_SEARCH_PATHS = (
					"$(inherited)",
					"@executable_path/Frameworks",
				);
				PRODUCT_BUNDLE_IDENTIFIER = GHome.GHTestDemo;
				PRODUCT_NAME = "$(TARGET_NAME)";
				TARGETED_DEVICE_FAMILY = "1,2";
			};
			name = Release;
		};
		D6DE75E421FBEF5F00D0D022 /* Debug */ = {
			isa = XCBuildConfiguration;
			buildSettings = {
				ASSETCATALOG_COMPILER_APPICON_NAME = AppIcon;
				CODE_SIGN_STYLE = Automatic;
				DEVELOPMENT_TEAM = KZ9JB9ZT4S;
				INFOPLIST_FILE = GHMasonryDemo/Info.plist;
				IPHONEOS_DEPLOYMENT_TARGET = 11.2;
				LD_RUNPATH_SEARCH_PATHS = (
					"$(inherited)",
					"@executable_path/Frameworks",
				);
				PRODUCT_BUNDLE_IDENTIFIER = GHome.GHMasonryDemo;
				PRODUCT_NAME = "$(TARGET_NAME)";
				TARGETED_DEVICE_FAMILY = "1,2";
			};
			name = Debug;
		};
		D6DE75E521FBEF5F00D0D022 /* Release */ = {
			isa = XCBuildConfiguration;
			buildSettings = {
				ASSETCATALOG_COMPILER_APPICON_NAME = AppIcon;
				CODE_SIGN_STYLE = Automatic;
				DEVELOPMENT_TEAM = KZ9JB9ZT4S;
				INFOPLIST_FILE = GHMasonryDemo/Info.plist;
				IPHONEOS_DEPLOYMENT_TARGET = 11.2;
				LD_RUNPATH_SEARCH_PATHS = (
					"$(inherited)",
					"@executable_path/Frameworks",
				);
				PRODUCT_BUNDLE_IDENTIFIER = GHome.GHMasonryDemo;
				PRODUCT_NAME = "$(TARGET_NAME)";
				TARGETED_DEVICE_FAMILY = "1,2";
			};
			name = Release;
		};
/* End XCBuildConfiguration section */

/* Begin XCConfigurationList section */
		D6DE758221FBE97600D0D022 /* Build configuration list for PBXProject "GHTestDemo" */ = {
			isa = XCConfigurationList;
			buildConfigurations = (
				D6DE759B21FBE97800D0D022 /* Debug */,
				D6DE759C21FBE97800D0D022 /* Release */,
			);
			defaultConfigurationIsVisible = 0;
			defaultConfigurationName = Release;
		};
		D6DE759D21FBE97800D0D022 /* Build configuration list for PBXNativeTarget "GHTestDemo" */ = {
			isa = XCConfigurationList;
			buildConfigurations = (
				D6DE759E21FBE97800D0D022 /* Debug */,
				D6DE759F21FBE97800D0D022 /* Release */,
			);
			defaultConfigurationIsVisible = 0;
			defaultConfigurationName = Release;
		};
		D6DE75E321FBEF5F00D0D022 /* Build configuration list for PBXNativeTarget "GHMasonryDemo" */ = {
			isa = XCConfigurationList;
			buildConfigurations = (
				D6DE75E421FBEF5F00D0D022 /* Debug */,
				D6DE75E521FBEF5F00D0D022 /* Release */,
			);
			defaultConfigurationIsVisible = 0;
			defaultConfigurationName = Release;
		};
/* End XCConfigurationList section */
	};
	rootObject = D6DE757F21FBE97600D0D022 /* Project object */;
}
